{"1.1.0",
[{<<"mochiweb">>,{pkg,<<"mochiweb">>,<<"2.12.2">>},1},
 {<<"webmachine">>,
  {git,"git://github.com/webmachine/webmachine",
       {ref,"b4758b51c05e8f4e8898a70b7a14514a8c150ffa"}},
  0}]}.
[
{pkg_hash,[
 {<<"mochiweb">>, <<"80804AD342AFA3D7F3524040D4EED66CE74B17A555DE454AC85B07C479928E46">>}]}
].
